
Microsoft Visual Studio Solution File, Format Version 12.00
# Visual Studio Version 17
VisualStudioVersion = 17.0.32126.317
MinimumVisualStudioVersion = 10.0.40219.1
Project("{FAE04EC0-301F-11D3-BF4B-00C04F79EFBC}") = "AbstractMethods", "AbstractMethods\AbstractMethods.csproj", "{71D507CE-9DAC-4FCF-BA45-4AF5956B72E8}"
EndProject
Global
	GlobalSection(SolutionConfigurationPlatforms) = preSolution
		Debug|Any CPU = Debug|Any CPU
		Release|Any CPU = Release|Any CPU
	EndGlobalSection
	GlobalSection(ProjectConfigurationPlatforms) = postSolution
		{71D507CE-9DAC-4FCF-BA45-4AF5956B72E8}.Debug|Any CPU.ActiveCfg = Debug|Any CPU
		{71D507CE-9DAC-4FCF-BA45-4AF5956B72E8}.Debug|Any CPU.Build.0 = Debug|Any CPU
		{71D507CE-9DAC-4FCF-BA45-4AF5956B72E8}.Release|Any CPU.ActiveCfg = Release|Any CPU
		{71D507CE-9DAC-4FCF-BA45-4AF5956B72E8}.Release|Any CPU.Build.0 = Release|Any CPU
	EndGlobalSection
	GlobalSection(SolutionProperties) = preSolution
		HideSolutionNode = FALSE
	EndGlobalSection
	GlobalSection(ExtensibilityGlobals) = postSolution
		SolutionGuid = {28F84D54-A6E3-4B49-9B8B-0604460BBE34}
	EndGlobalSection
EndGlobal
